
Microsoft Visual Studio Solution File, Format Version 11.00
# Visual Studio 2010
Project("{888888A0-9F3D-457C-B088-3A5042F75D52}") = "Asm2Intrinsics", "Asm2Intrinsics.pyproj", "{6752F065-D1D5-415E-8DF0-0B5D2D83022F}"
EndProject
Global
	GlobalSection(SolutionConfigurationPlatforms) = preSolution
		Debug|Any CPU = Debug|Any CPU
		Release|Any CPU = Release|Any CPU
	EndGlobalSection
	GlobalSection(ProjectConfigurationPlatforms) = postSolution
		{6752F065-D1D5-415E-8DF0-0B5D2D83022F}.Debug|Any CPU.ActiveCfg = Debug|Any CPU
		{6752F065-D1D5-415E-8DF0-0B5D2D83022F}.Release|Any CPU.ActiveCfg = Release|Any CPU
	EndGlobalSection
	GlobalSection(SolutionProperties) = preSolution
		HideSolutionNode = FALSE
	EndGlobalSection
EndGlobal
